{
  "schema_version": 1,
  "sources": {
    "jq-source": {
      "url": "https://github.com/jqlang/jq/releases/download/jq-1.8.2/jq-1.8.2.tar.gz",
      "sha256": "71b8d6e8f5fe81f6c6d0d110e3892251f6ce76ed095abd315e26e6e1193af3af",
      "object": "src-5d3f1f89c8b6b206fc3c133f24d90d6225d73cd4c6274ec610c4cacf9f44e2d2"
    },
    "sqlite-source": {
      "url": "https://www.sqlite.org/2026/sqlite-autoconf-3530400.tar.gz",
      "sha256": "0e9483900e92cd5de8fd48d16bf9200145a61f7fd5be542a5ac81d8a9516eb9c",
      "object": "src-f4837e042b248ee63fd02e3f51fd6c9b9e2ffdf34bfb57450dd22a10c67f4d65"
    }
  }
}
